
Microsoft Visual Studio Solution File, Format Version 12.00
# Visual Studio 14
VisualStudioVersion = 14.0.25420.1
MinimumVisualStudioVersion = 10.0.40219.1
Project("{FAE04EC0-301F-11D3-BF4B-00C04F79EFBC}") = "CustomList", "CustomList\CustomList.csproj", "{778B5AC8-2C0A-4ECA-B811-1D8150AD6902}"
EndProject
Project("{FAE04EC0-301F-11D3-BF4B-00C04F79EFBC}") = "GenericList", "GenericList\GenericList.csproj", "{64E18A49-A995-44DB-823C-4731F7E390BB}"
EndProject
Global
	GlobalSection(SolutionConfigurationPlatforms) = preSolution
		Debug|Any CPU = Debug|Any CPU
		Release|Any CPU = Release|Any CPU
	EndGlobalSection
	GlobalSection(ProjectConfigurationPlatforms) = postSolution
		{778B5AC8-2C0A-4ECA-B811-1D8150AD6902}.Debug|Any CPU.ActiveCfg = Debug|Any CPU
		{778B5AC8-2C0A-4ECA-B811-1D8150AD6902}.Debug|Any CPU.Build.0 = Debug|Any CPU
		{778B5AC8-2C0A-4ECA-B811-1D8150AD6902}.Release|Any CPU.ActiveCfg = Release|Any CPU
		{778B5AC8-2C0A-4ECA-B811-1D8150AD6902}.Release|Any CPU.Build.0 = Release|Any CPU
		{64E18A49-A995-44DB-823C-4731F7E390BB}.Debug|Any CPU.ActiveCfg = Debug|Any CPU
		{64E18A49-A995-44DB-823C-4731F7E390BB}.Debug|Any CPU.Build.0 = Debug|Any CPU
		{64E18A49-A995-44DB-823C-4731F7E390BB}.Release|Any CPU.ActiveCfg = Release|Any CPU
		{64E18A49-A995-44DB-823C-4731F7E390BB}.Release|Any CPU.Build.0 = Release|Any CPU
	EndGlobalSection
	GlobalSection(SolutionProperties) = preSolution
		HideSolutionNode = FALSE
	EndGlobalSection
EndGlobal
